
Microsoft Visual Studio Solution File, Format Version 12.00
# Visual Studio 2017
Project("{FAE04EC0-301F-11D3-BF4B-00C04F79EFBC}") = "Inhuman Crossing.Plugins", "Inhuman Crossing.Plugins.csproj", "{42D71479-32BE-D2C3-24A9-4519E7BFA7AE}"
EndProject
Project("{FAE04EC0-301F-11D3-BF4B-00C04F79EFBC}") = "Inhuman Crossing", "Inhuman Crossing.csproj", "{317236B3-E729-C813-2187-6189E73E1771}"
EndProject
Project("{FAE04EC0-301F-11D3-BF4B-00C04F79EFBC}") = "Inhuman Crossing.Editor.Plugins", "Inhuman Crossing.Editor.Plugins.csproj", "{40C67215-D0F8-7869-C771-DB68408DE86D}"
EndProject
Global
	GlobalSection(SolutionConfigurationPlatforms) = preSolution
		Debug|Any CPU = Debug|Any CPU
		Release|Any CPU = Release|Any CPU
	EndGlobalSection
	GlobalSection(ProjectConfigurationPlatforms) = postSolution
		{42D71479-32BE-D2C3-24A9-4519E7BFA7AE}.Debug|Any CPU.ActiveCfg = Debug|Any CPU
		{42D71479-32BE-D2C3-24A9-4519E7BFA7AE}.Debug|Any CPU.Build.0 = Debug|Any CPU
		{42D71479-32BE-D2C3-24A9-4519E7BFA7AE}.Release|Any CPU.ActiveCfg = Release|Any CPU
		{42D71479-32BE-D2C3-24A9-4519E7BFA7AE}.Release|Any CPU.Build.0 = Release|Any CPU
		{317236B3-E729-C813-2187-6189E73E1771}.Debug|Any CPU.ActiveCfg = Debug|Any CPU
		{317236B3-E729-C813-2187-6189E73E1771}.Debug|Any CPU.Build.0 = Debug|Any CPU
		{317236B3-E729-C813-2187-6189E73E1771}.Release|Any CPU.ActiveCfg = Release|Any CPU
		{317236B3-E729-C813-2187-6189E73E1771}.Release|Any CPU.Build.0 = Release|Any CPU
		{40C67215-D0F8-7869-C771-DB68408DE86D}.Debug|Any CPU.ActiveCfg = Debug|Any CPU
		{40C67215-D0F8-7869-C771-DB68408DE86D}.Debug|Any CPU.Build.0 = Debug|Any CPU
		{40C67215-D0F8-7869-C771-DB68408DE86D}.Release|Any CPU.ActiveCfg = Release|Any CPU
		{40C67215-D0F8-7869-C771-DB68408DE86D}.Release|Any CPU.Build.0 = Release|Any CPU
	EndGlobalSection
	GlobalSection(SolutionProperties) = preSolution
		HideSolutionNode = FALSE
	EndGlobalSection
EndGlobal
